
Microsoft Visual Studio Solution File, Format Version 12.00
# Visual Studio Version 16
VisualStudioVersion = 16.0.31702.278
MinimumVisualStudioVersion = 10.0.40219.1
Project("{FAE04EC0-301F-11D3-BF4B-00C04F79EFBC}") = "7.3dfdsf", "7.3dfdsf\7.3dfdsf.csproj", "{2753B6EB-626A-40F3-8DD2-EC2247488BDA}"
EndProject
Project("{FAE04EC0-301F-11D3-BF4B-00C04F79EFBC}") = "MyLib", "MyLib\MyLib.csproj", "{8333866F-5D49-48B5-B137-BE59338525EE}"
EndProject
Global
	GlobalSection(SolutionConfigurationPlatforms) = preSolution
		Debug|Any CPU = Debug|Any CPU
		Release|Any CPU = Release|Any CPU
	EndGlobalSection
	GlobalSection(ProjectConfigurationPlatforms) = postSolution
		{2753B6EB-626A-40F3-8DD2-EC2247488BDA}.Debug|Any CPU.ActiveCfg = Debug|Any CPU
		{2753B6EB-626A-40F3-8DD2-EC2247488BDA}.Debug|Any CPU.Build.0 = Debug|Any CPU
		{2753B6EB-626A-40F3-8DD2-EC2247488BDA}.Release|Any CPU.ActiveCfg = Release|Any CPU
		{2753B6EB-626A-40F3-8DD2-EC2247488BDA}.Release|Any CPU.Build.0 = Release|Any CPU
		{8333866F-5D49-48B5-B137-BE59338525EE}.Debug|Any CPU.ActiveCfg = Debug|Any CPU
		{8333866F-5D49-48B5-B137-BE59338525EE}.Debug|Any CPU.Build.0 = Debug|Any CPU
		{8333866F-5D49-48B5-B137-BE59338525EE}.Release|Any CPU.ActiveCfg = Release|Any CPU
		{8333866F-5D49-48B5-B137-BE59338525EE}.Release|Any CPU.Build.0 = Release|Any CPU
	EndGlobalSection
	GlobalSection(SolutionProperties) = preSolution
		HideSolutionNode = FALSE
	EndGlobalSection
	GlobalSection(ExtensibilityGlobals) = postSolution
		SolutionGuid = {EF625049-5C12-4E7B-90F3-BA94400F88B8}
	EndGlobalSection
EndGlobal
